
Microsoft Visual Studio Solution File, Format Version 12.00
# Visual Studio Version 17
VisualStudioVersion = 17.5.33502.453
MinimumVisualStudioVersion = 10.0.40219.1
Project("{FAE04EC0-301F-11D3-BF4B-00C04F79EFBC}") = "Concurrent lab-1", "Concurrent lab-1\Concurrent lab-1.csproj", "{C1AC64F5-3912-4066-BBB2-028BB3B63D45}"
EndProject
Global
	GlobalSection(SolutionConfigurationPlatforms) = preSolution
		Debug|Any CPU = Debug|Any CPU
		Release|Any CPU = Release|Any CPU
	EndGlobalSection
	GlobalSection(ProjectConfigurationPlatforms) = postSolution
		{C1AC64F5-3912-4066-BBB2-028BB3B63D45}.Debug|Any CPU.ActiveCfg = Debug|Any CPU
		{C1AC64F5-3912-4066-BBB2-028BB3B63D45}.Debug|Any CPU.Build.0 = Debug|Any CPU
		{C1AC64F5-3912-4066-BBB2-028BB3B63D45}.Release|Any CPU.ActiveCfg = Release|Any CPU
		{C1AC64F5-3912-4066-BBB2-028BB3B63D45}.Release|Any CPU.Build.0 = Release|Any CPU
	EndGlobalSection
	GlobalSection(SolutionProperties) = preSolution
		HideSolutionNode = FALSE
	EndGlobalSection
	GlobalSection(ExtensibilityGlobals) = postSolution
		SolutionGuid = {FBF002F6-A364-489F-9CA8-694DC3E3F094}
	EndGlobalSection
EndGlobal
